
Microsoft Visual Studio Solution File, Format Version 12.00
# Visual Studio Version 16
VisualStudioVersion = 16.0.31019.35
MinimumVisualStudioVersion = 10.0.40219.1
Project("{9A19103F-16F7-4668-BE54-9A1E7A4F7556}") = "InvoiceWorker.EventProcessors", "InvoiceWorker.EventProcessors\InvoiceWorker.EventProcessors.csproj", "{DC4AA7CD-1414-4706-AA47-DA64DEE52A0A}"
EndProject
Project("{9A19103F-16F7-4668-BE54-9A1E7A4F7556}") = "InvoiceWorker.Infrastructure", "InvoiceWorker.Infrastructure\InvoiceWorker.Infrastructure.csproj", "{2EC06A20-1E9A-44FD-9A53-BB6FD18D36C7}"
EndProject
Project("{9A19103F-16F7-4668-BE54-9A1E7A4F7556}") = "InvoiceWorker.EventFeedClient", "InvoiceWorker.EventFeedClient\InvoiceWorker.EventFeedClient.csproj", "{EB2E715D-AB38-40AB-B903-0807D18342CE}"
EndProject
Project("{9A19103F-16F7-4668-BE54-9A1E7A4F7556}") = "InvoiceWorker.Tests", "InvoiceWorker.Tests\InvoiceWorker.Tests.csproj", "{513E7F6D-EB6B-48F3-B72F-7839DDA5982E}"
EndProject
Project("{9A19103F-16F7-4668-BE54-9A1E7A4F7556}") = "InvoiceWorker", "InvoiceWorker\InvoiceWorker.csproj", "{7F6AC0FC-24EE-469A-B121-992D1602B5E3}"
EndProject
Global
	GlobalSection(SolutionConfigurationPlatforms) = preSolution
		Debug|Any CPU = Debug|Any CPU
		Release|Any CPU = Release|Any CPU
	EndGlobalSection
	GlobalSection(ProjectConfigurationPlatforms) = postSolution
		{DC4AA7CD-1414-4706-AA47-DA64DEE52A0A}.Debug|Any CPU.ActiveCfg = Debug|Any CPU
		{DC4AA7CD-1414-4706-AA47-DA64DEE52A0A}.Debug|Any CPU.Build.0 = Debug|Any CPU
		{DC4AA7CD-1414-4706-AA47-DA64DEE52A0A}.Release|Any CPU.ActiveCfg = Release|Any CPU
		{DC4AA7CD-1414-4706-AA47-DA64DEE52A0A}.Release|Any CPU.Build.0 = Release|Any CPU
		{2EC06A20-1E9A-44FD-9A53-BB6FD18D36C7}.Debug|Any CPU.ActiveCfg = Debug|Any CPU
		{2EC06A20-1E9A-44FD-9A53-BB6FD18D36C7}.Debug|Any CPU.Build.0 = Debug|Any CPU
		{2EC06A20-1E9A-44FD-9A53-BB6FD18D36C7}.Release|Any CPU.ActiveCfg = Release|Any CPU
		{2EC06A20-1E9A-44FD-9A53-BB6FD18D36C7}.Release|Any CPU.Build.0 = Release|Any CPU
		{EB2E715D-AB38-40AB-B903-0807D18342CE}.Debug|Any CPU.ActiveCfg = Debug|Any CPU
		{EB2E715D-AB38-40AB-B903-0807D18342CE}.Debug|Any CPU.Build.0 = Debug|Any CPU
		{EB2E715D-AB38-40AB-B903-0807D18342CE}.Release|Any CPU.ActiveCfg = Release|Any CPU
		{EB2E715D-AB38-40AB-B903-0807D18342CE}.Release|Any CPU.Build.0 = Release|Any CPU
		{513E7F6D-EB6B-48F3-B72F-7839DDA5982E}.Debug|Any CPU.ActiveCfg = Debug|Any CPU
		{513E7F6D-EB6B-48F3-B72F-7839DDA5982E}.Debug|Any CPU.Build.0 = Debug|Any CPU
		{513E7F6D-EB6B-48F3-B72F-7839DDA5982E}.Release|Any CPU.ActiveCfg = Release|Any CPU
		{513E7F6D-EB6B-48F3-B72F-7839DDA5982E}.Release|Any CPU.Build.0 = Release|Any CPU
		{7F6AC0FC-24EE-469A-B121-992D1602B5E3}.Debug|Any CPU.ActiveCfg = Debug|Any CPU
		{7F6AC0FC-24EE-469A-B121-992D1602B5E3}.Debug|Any CPU.Build.0 = Debug|Any CPU
		{7F6AC0FC-24EE-469A-B121-992D1602B5E3}.Release|Any CPU.ActiveCfg = Release|Any CPU
		{7F6AC0FC-24EE-469A-B121-992D1602B5E3}.Release|Any CPU.Build.0 = Release|Any CPU
	EndGlobalSection
	GlobalSection(SolutionProperties) = preSolution
		HideSolutionNode = FALSE
	EndGlobalSection
	GlobalSection(ExtensibilityGlobals) = postSolution
		SolutionGuid = {8F985639-1BBA-4E51-9D48-8DF2E32FC250}
	EndGlobalSection
EndGlobal
